// !$*UTF8*$!
{
	archiveVersion = 1;
	classes = {
	};
	objectVersion = 50;
	objects = {

/* Begin PBXBuildFile section */
		D62FC7ED208249180086D5AF /* AppDelegate.swift in Sources */ = {isa = PBXBuildFile; fileRef = D62FC7EC208249180086D5AF /* AppDelegate.swift */; };
		D62FC7EF208249180086D5AF /* ChatViewController.swift in Sources */ = {isa = PBXBuildFile; fileRef = D62FC7EE208249180086D5AF /* ChatViewController.swift */; };
		D62FC7F2208249180086D5AF /* Main.storyboard in Resources */ = {isa = PBXBuildFile; fileRef = D62FC7F0208249180086D5AF /* Main.storyboard */; };
		D62FC7F4208249190086D5AF /* Assets.xcassets in Resources */ = {isa = PBXBuildFile; fileRef = D62FC7F3208249190086D5AF /* Assets.xcassets */; };
		D62FC7F7208249190086D5AF /* LaunchScreen.storyboard in Resources */ = {isa = PBXBuildFile; fileRef = D62FC7F5208249190086D5AF /* LaunchScreen.storyboard */; };
		D62FC80020824C550086D5AF /* SendMessageTableViewCell.swift in Sources */ = {isa = PBXBuildFile; fileRef = D62FC7FF20824C550086D5AF /* SendMessageTableViewCell.swift */; };
		D62FC80320824C740086D5AF /* RecieveMessageTableViewCell.swift in Sources */ = {isa = PBXBuildFile; fileRef = D62FC80220824C740086D5AF /* RecieveMessageTableViewCell.swift */; };
		D62FC80520824F2E0086D5AF /* Message.swift in Sources */ = {isa = PBXBuildFile; fileRef = D62FC80420824F2E0086D5AF /* Message.swift */; };
/* End PBXBuildFile section */

/* Begin PBXFileReference section */
		D62FC7E9208249180086D5AF /* ChatInterface.app */ = {isa = PBXFileReference; explicitFileType = wrapper.application; includeInIndex = 0; path = ChatInterface.app; sourceTree = BUILT_PRODUCTS_DIR; };
		D62FC7EC208249180086D5AF /* AppDelegate.swift */ = {isa = PBXFileReference; lastKnownFileType = sourcecode.swift; path = AppDelegate.swift; sourceTree = "<group>"; };
		D62FC7EE208249180086D5AF /* ChatViewController.swift */ = {isa = PBXFileReference; lastKnownFileType = sourcecode.swift; path = ChatViewController.swift; sourceTree = "<group>"; };
		D62FC7F1208249180086D5AF /* Base */ = {isa = PBXFileReference; lastKnownFileType = file.storyboard; name = Base; path = Base.lproj/Main.storyboard; sourceTree = "<group>"; };
		D62FC7F3208249190086D5AF /* Assets.xcassets */ = {isa = PBXFileReference; lastKnownFileType = folder.assetcatalog; path = Assets.xcassets; sourceTree = "<group>"; };
		D62FC7F6208249190086D5AF /* Base */ = {isa = PBXFileReference; lastKnownFileType = file.storyboard; name = Base; path = Base.lproj/LaunchScreen.storyboard; sourceTree = "<group>"; };
		D62FC7F8208249190086D5AF /* Info.plist */ = {isa = PBXFileReference; lastKnownFileType = text.plist.xml; path = Info.plist; sourceTree = "<group>"; };
		D62FC7FF20824C550086D5AF /* SendMessageTableViewCell.swift */ = {isa = PBXFileReference; lastKnownFileType = sourcecode.swift; path = SendMessageTableViewCell.swift; sourceTree = "<group>"; };
		D62FC80220824C740086D5AF /* RecieveMessageTableViewCell.swift */ = {isa = PBXFileReference; lastKnownFileType = sourcecode.swift; path = RecieveMessageTableViewCell.swift; sourceTree = "<group>"; };
		D62FC80420824F2E0086D5AF /* Message.swift */ = {isa = PBXFileReference; lastKnownFileType = sourcecode.swift; path = Message.swift; sourceTree = "<group>"; };
/* End PBXFileReference section */

/* Begin PBXFrameworksBuildPhase section */
		D62FC7E6208249180086D5AF /* Frameworks */ = {
			isa = PBXFrameworksBuildPhase;
			buildActionMask = 2147483647;
			files = (
			);
			runOnlyForDeploymentPostprocessing = 0;
		};
/* End PBXFrameworksBuildPhase section */

/* Begin PBXGroup section */
		D62FC7E0208249180086D5AF = {
			isa = PBXGroup;
			children = (
				D62FC7EB208249180086D5AF /* ChatInterface */,
				D62FC7EA208249180086D5AF /* Products */,
			);
			sourceTree = "<group>";
		};
		D62FC7EA208249180086D5AF /* Products */ = {
			isa = PBXGroup;
			children = (
				D62FC7E9208249180086D5AF /* ChatInterface.app */,
			);
			name = Products;
			sourceTree = "<group>";
		};
		D62FC7EB208249180086D5AF /* ChatInterface */ = {
			isa = PBXGroup;
			children = (
				D62FC7EC208249180086D5AF /* AppDelegate.swift */,
				D62FC80620824F380086D5AF /* Model */,
				D62FC7FE20824C3B0086D5AF /* Controller */,
				D62FC7F0208249180086D5AF /* Main.storyboard */,
				D62FC80120824C590086D5AF /* View */,
				D62FC7F3208249190086D5AF /* Assets.xcassets */,
				D62FC7F5208249190086D5AF /* LaunchScreen.storyboard */,
				D62FC7F8208249190086D5AF /* Info.plist */,
			);
			path = ChatInterface;
			sourceTree = "<group>";
		};
		D62FC7FE20824C3B0086D5AF /* Controller */ = {
			isa = PBXGroup;
			children = (
				D62FC7EE208249180086D5AF /* ChatViewController.swift */,
			);
			path = Controller;
			sourceTree = "<group>";
		};
		D62FC80120824C590086D5AF /* View */ = {
			isa = PBXGroup;
			children = (
				D62FC7FF20824C550086D5AF /* SendMessageTableViewCell.swift */,
				D62FC80220824C740086D5AF /* RecieveMessageTableViewCell.swift */,
			);
			path = View;
			sourceTree = "<group>";
		};
		D62FC80620824F380086D5AF /* Model */ = {
			isa = PBXGroup;
			children = (
				D62FC80420824F2E0086D5AF /* Message.swift */,
			);
			path = Model;
			sourceTree = "<group>";
		};
/* End PBXGroup section */

/* Begin PBXNativeTarget section */
		D62FC7E8208249180086D5AF /* ChatInterface */ = {
			isa = PBXNativeTarget;
			buildConfigurationList = D62FC7FB208249190086D5AF /* Build configuration list for PBXNativeTarget "ChatInterface" */;
			buildPhases = (
				D62FC7E5208249180086D5AF /* Sources */,
				D62FC7E6208249180086D5AF /* Frameworks */,
				D62FC7E7208249180086D5AF /* Resources */,
			);
			buildRules = (
			);
			dependencies = (
			);
			name = ChatInterface;
			productName = ChatInterface;
			productReference = D62FC7E9208249180086D5AF /* ChatInterface.app */;
			productType = "com.apple.product-type.application";
		};
/* End PBXNativeTarget section */

/* Begin PBXProject section */
		D62FC7E1208249180086D5AF /* Project object */ = {
			isa = PBXProject;
			attributes = {
				LastSwiftUpdateCheck = 0930;
				LastUpgradeCheck = 0930;
				ORGANIZATIONNAME = EthanLin;
				TargetAttributes = {
					D62FC7E8208249180086D5AF = {
						CreatedOnToolsVersion = 9.3;
					};
				};
			};
			buildConfigurationList = D62FC7E4208249180086D5AF /* Build configuration list for PBXProject "ChatInterface" */;
			compatibilityVersion = "Xcode 9.3";
			developmentRegion = en;
			hasScannedForEncodings = 0;
			knownRegions = (
				en,
				Base,
			);
			mainGroup = D62FC7E0208249180086D5AF;
			productRefGroup = D62FC7EA208249180086D5AF /* Products */;
			projectDirPath = "";
			projectRoot = "";
			targets = (
				D62FC7E8208249180086D5AF /* ChatInterface */,
			);
		};
/* End PBXProject section */

/* Begin PBXResourcesBuildPhase section */
		D62FC7E7208249180086D5AF /* Resources */ = {
			isa = PBXResourcesBuildPhase;
			buildActionMask = 2147483647;
			files = (
				D62FC7F7208249190086D5AF /* LaunchScreen.storyboard in Resources */,
				D62FC7F4208249190086D5AF /* Assets.xcassets in Resources */,
				D62FC7F2208249180086D5AF /* Main.storyboard in Resources */,
			);
			runOnlyForDeploymentPostprocessing = 0;
		};
/* End PBXResourcesBuildPhase section */

/* Begin PBXSourcesBuildPhase section */
		D62FC7E5208249180086D5AF /* Sources */ = {
			isa = PBXSourcesBuildPhase;
			buildActionMask = 2147483647;
			files = (
				D62FC7EF208249180086D5AF /* ChatViewController.swift in Sources */,
				D62FC80320824C740086D5AF /* RecieveMessageTableViewCell.swift in Sources */,
				D62FC80520824F2E0086D5AF /* Message.swift in Sources */,
				D62FC7ED208249180086D5AF /* AppDelegate.swift in Sources */,
				D62FC80020824C550086D5AF /* SendMessageTableViewCell.swift in Sources */,
			);
			runOnlyForDeploymentPostprocessing = 0;
		};
/* End PBXSourcesBuildPhase section */

/* Begin PBXVariantGroup section */
		D62FC7F0208249180086D5AF /* Main.storyboard */ = {
			isa = PBXVariantGroup;
			children = (
				D62FC7F1208249180086D5AF /* Base */,
			);
			name = Main.storyboard;
			sourceTree = "<group>";
		};
		D62FC7F5208249190086D5AF /* LaunchScreen.storyboard */ = {
			isa = PBXVariantGroup;
			children = (
				D62FC7F6208249190086D5AF /* Base */,
			);
			name = LaunchScreen.storyboard;
			sourceTree = "<group>";
		};
/* End PBXVariantGroup section */

/* Begin XCBuildConfiguration section */
		D62FC7F9208249190086D5AF /* Debug */ = {
			isa = XCBuildConfiguration;
			buildSettings = {
				ALWAYS_SEARCH_USER_PATHS = NO;
				CLANG_ANALYZER_NONNULL = YES;
				CLANG_ANALYZER_NUMBER_OBJECT_CONVERSION = YES_AGGRESSIVE;
				CLANG_CXX_LANGUAGE_STANDARD = "gnu++14";
				CLANG_CXX_LIBRARY = "libc++";
				CLANG_ENABLE_MODULES = YES;
				CLANG_ENABLE_OBJC_ARC = YES;
				CLANG_ENABLE_OBJC_WEAK = YES;
				CLANG_WARN_BLOCK_CAPTURE_AUTORELEASING = YES;
				CLANG_WARN_BOOL_CONVERSION = YES;
				CLANG_WARN_COMMA = YES;
				CLANG_WARN_CONSTANT_CONVERSION = YES;
				CLANG_WARN_DEPRECATED_OBJC_IMPLEMENTATIONS = YES;
				CLANG_WARN_DIRECT_OBJC_ISA_USAGE = YES_ERROR;
				CLANG_WARN_DOCUMENTATION_COMMENTS = YES;
				CLANG_WARN_EMPTY_BODY = YES;
				CLANG_WARN_ENUM_CONVERSION = YES;
				CLANG_WARN_INFINITE_RECURSION = YES;
				CLANG_WARN_INT_CONVERSION = YES;
				CLANG_WARN_NON_LITERAL_NULL_CONVERSION = YES;
				CLANG_WARN_OBJC_IMPLICIT_RETAIN_SELF = YES;
				CLANG_WARN_OBJC_LITERAL_CONVERSION = YES;
				CLANG_WARN_OBJC_ROOT_CLASS = YES_ERROR;
				CLANG_WARN_RANGE_LOOP_ANALYSIS = YES;
				CLANG_WARN_STRICT_PROTOTYPES = YES;
				CLANG_WARN_SUSPICIOUS_MOVE = YES;
				CLANG_WARN_UNGUARDED_AVAILABILITY = YES_AGGRESSIVE;
				CLANG_WARN_UNREACHABLE_CODE = YES;
				CLANG_WARN__DUPLICATE_METHOD_MATCH = YES;
				CODE_SIGN_IDENTITY = "iPhone Developer";
				COPY_PHASE_STRIP = NO;
				DEBUG_INFORMATION_FORMAT = dwarf;
				ENABLE_STRICT_OBJC_MSGSEND = YES;
				ENABLE_TESTABILITY = YES;
				GCC_C_LANGUAGE_STANDARD = gnu11;
				GCC_DYNAMIC_NO_PIC = NO;
				GCC_NO_COMMON_BLOCKS = YES;
				GCC_OPTIMIZATION_LEVEL = 0;
				GCC_PREPROCESSOR_DEFINITIONS = (
					"DEBUG=1",
					"$(inherited)",
				);
				GCC_WARN_64_TO_32_BIT_CONVERSION = YES;
				GCC_WARN_ABOUT_RETURN_TYPE = YES_ERROR;
				GCC_WARN_UNDECLARED_SELECTOR = YES;
				GCC_WARN_UNINITIALIZED_AUTOS = YES_AGGRESSIVE;
				GCC_WARN_UNUSED_FUNCTION = YES;
				GCC_WARN_UNUSED_VARIABLE = YES;
				IPHONEOS_DEPLOYMENT_TARGET = 11.3;
				MTL_ENABLE_DEBUG_INFO = YES;
				ONLY_ACTIVE_ARCH = YES;
				SDKROOT = iphoneos;
				SWIFT_ACTIVE_COMPILATION_CONDITIONS = DEBUG;
				SWIFT_OPTIMIZATION_LEVEL = "-Onone";
			};
			name = Debug;
		};
		D62FC7FA208249190086D5AF /* Release */ = {
			isa = XCBuildConfiguration;
			buildSettings = {
				ALWAYS_SEARCH_USER_PATHS = NO;
				CLANG_ANALYZER_NONNULL = YES;
				CLANG_ANALYZER_NUMBER_OBJECT_CONVERSION = YES_AGGRESSIVE;
				CLANG_CXX_LANGUAGE_STANDARD = "gnu++14";
				CLANG_CXX_LIBRARY = "libc++";
				CLANG_ENABLE_MODULES = YES;
				CLANG_ENABLE_OBJC_ARC = YES;
				CLANG_ENABLE_OBJC_WEAK = YES;
				CLANG_WARN_BLOCK_CAPTURE_AUTORELEASING = YES;
				CLANG_WARN_BOOL_CONVERSION = YES;
				CLANG_WARN_COMMA = YES;
				CLANG_WARN_CONSTANT_CONVERSION = YES;
				CLANG_WARN_DEPRECATED_OBJC_IMPLEMENTATIONS = YES;
				CLANG_WARN_DIRECT_OBJC_ISA_USAGE = YES_ERROR;
				CLANG_WARN_DOCUMENTATION_COMMENTS = YES;
				CLANG_WARN_EMPTY_BODY = YES;
				CLANG_WARN_ENUM_CONVERSION = YES;
				CLANG_WARN_INFINITE_RECURSION = YES;
				CLANG_WARN_INT_CONVERSION = YES;
				CLANG_WARN_NON_LITERAL_NULL_CONVERSION = YES;
				CLANG_WARN_OBJC_IMPLICIT_RETAIN_SELF = YES;
				CLANG_WARN_OBJC_LITERAL_CONVERSION = YES;
				CLANG_WARN_OBJC_ROOT_CLASS = YES_ERROR;
				CLANG_WARN_RANGE_LOOP_ANALYSIS = YES;
				CLANG_WARN_STRICT_PROTOTYPES = YES;
				CLANG_WARN_SUSPICIOUS_MOVE = YES;
				CLANG_WARN_UNGUARDED_AVAILABILITY = YES_AGGRESSIVE;
				CLANG_WARN_UNREACHABLE_CODE = YES;
				CLANG_WARN__DUPLICATE_METHOD_MATCH = YES;
				CODE_SIGN_IDENTITY = "iPhone Developer";
				COPY_PHASE_STRIP = NO;
				DEBUG_INFORMATION_FORMAT = "dwarf-with-dsym";
				ENABLE_NS_ASSERTIONS = NO;
				ENABLE_STRICT_OBJC_MSGSEND = YES;
				GCC_C_LANGUAGE_STANDARD = gnu11;
				GCC_NO_COMMON_BLOCKS = YES;
				GCC_WARN_64_TO_32_BIT_CONVERSION = YES;
				GCC_WARN_ABOUT_RETURN_TYPE = YES_ERROR;
				GCC_WARN_UNDECLARED_SELECTOR = YES;
				GCC_WARN_UNINITIALIZED_AUTOS = YES_AGGRESSIVE;
				GCC_WARN_UNUSED_FUNCTION = YES;
				GCC_WARN_UNUSED_VARIABLE = YES;
				IPHONEOS_DEPLOYMENT_TARGET = 11.3;
				MTL_ENABLE_DEBUG_INFO = NO;
				SDKROOT = iphoneos;
				SWIFT_COMPILATION_MODE = wholemodule;
				SWIFT_OPTIMIZATION_LEVEL = "-O";
				VALIDATE_PRODUCT = YES;
			};
			name = Release;
		};
		D62FC7FC208249190086D5AF /* Debug */ = {
			isa = XCBuildConfiguration;
			buildSettings = {
				ASSETCATALOG_COMPILER_APPICON_NAME = AppIcon;
				CODE_SIGN_STYLE = Automatic;
				DEVELOPMENT_TEAM = 47R4BK8PQH;
				INFOPLIST_FILE = ChatInterface/Info.plist;
				LD_RUNPATH_SEARCH_PATHS = (
					"$(inherited)",
					"@executable_path/Frameworks",
				);
				PRODUCT_BUNDLE_IDENTIFIER = com.ethan510010.ChatInterface;
				PRODUCT_NAME = "$(TARGET_NAME)";
				SWIFT_VERSION = 4.0;
				TARGETED_DEVICE_FAMILY = "1,2";
			};
			name = Debug;
		};
		D62FC7FD208249190086D5AF /* Release */ = {
			isa = XCBuildConfiguration;
			buildSettings = {
				ASSETCATALOG_COMPILER_APPICON_NAME = AppIcon;
				CODE_SIGN_STYLE = Automatic;
				DEVELOPMENT_TEAM = 47R4BK8PQH;
				INFOPLIST_FILE = ChatInterface/Info.plist;
				LD_RUNPATH_SEARCH_PATHS = (
					"$(inherited)",
					"@executable_path/Frameworks",
				);
				PRODUCT_BUNDLE_IDENTIFIER = com.ethan510010.ChatInterface;
				PRODUCT_NAME = "$(TARGET_NAME)";
				SWIFT_VERSION = 4.0;
				TARGETED_DEVICE_FAMILY = "1,2";
			};
			name = Release;
		};
/* End XCBuildConfiguration section */

/* Begin XCConfigurationList section */
		D62FC7E4208249180086D5AF /* Build configuration list for PBXProject "ChatInterface" */ = {
			isa = XCConfigurationList;
			buildConfigurations = (
				D62FC7F9208249190086D5AF /* Debug */,
				D62FC7FA208249190086D5AF /* Release */,
			);
			defaultConfigurationIsVisible = 0;
			defaultConfigurationName = Release;
		};
		D62FC7FB208249190086D5AF /* Build configuration list for PBXNativeTarget "ChatInterface" */ = {
			isa = XCConfigurationList;
			buildConfigurations = (
				D62FC7FC208249190086D5AF /* Debug */,
				D62FC7FD208249190086D5AF /* Release */,
			);
			defaultConfigurationIsVisible = 0;
			defaultConfigurationName = Release;
		};
/* End XCConfigurationList section */
	};
	rootObject = D62FC7E1208249180086D5AF /* Project object */;
}
